// !$*UTF8*$!
{
	archiveVersion = 1;
	classes = {
	};
	objectVersion = 60;
	objects = {

/* Begin PBXBuildFile section */
		04A2EC422D22A513009C9AED /* ChatWithFormatView.swift in Sources */ = {isa = PBXBuildFile; fileRef = 04A2EC412D22A513009C9AED /* ChatWithFormatView.swift */; };
		04C1CC092D21E8B8005362B0 /* OllamaKit in Frameworks */ = {isa = PBXBuildFile; productRef = 04C1CC082D21E8B8005362B0 /* OllamaKit */; };
		0A5648C42C1468E0008FB5F6 /* OKPlaygroundApp.swift in Sources */ = {isa = PBXBuildFile; fileRef = 0A5648C32C1468E0008FB5F6 /* OKPlaygroundApp.swift */; };
		0A5648C82C1468E1008FB5F6 /* Assets.xcassets in Resources */ = {isa = PBXBuildFile; fileRef = 0A5648C72C1468E1008FB5F6 /* Assets.xcassets */; };
		0A5648CB2C1468E1008FB5F6 /* Preview Assets.xcassets in Resources */ = {isa = PBXBuildFile; fileRef = 0A5648CA2C1468E1008FB5F6 /* Preview Assets.xcassets */; };
		0A5648D62C1469C3008FB5F6 /* CopyModelView.swift in Sources */ = {isa = PBXBuildFile; fileRef = 0A5648D52C1469C3008FB5F6 /* CopyModelView.swift */; };
		0A5648D82C146A8C008FB5F6 /* AppView.swift in Sources */ = {isa = PBXBuildFile; fileRef = 0A5648D72C146A8C008FB5F6 /* AppView.swift */; };
		0A5648DB2C14BF8A008FB5F6 /* DeleteModelView.swift in Sources */ = {isa = PBXBuildFile; fileRef = 0A5648DA2C14BF8A008FB5F6 /* DeleteModelView.swift */; };
		0A5648DF2C14C583008FB5F6 /* EmbeddingsView.swift in Sources */ = {isa = PBXBuildFile; fileRef = 0A5648DE2C14C583008FB5F6 /* EmbeddingsView.swift */; };
		0A5648E22C14C7E1008FB5F6 /* ViewModel.swift in Sources */ = {isa = PBXBuildFile; fileRef = 0A5648E12C14C7E1008FB5F6 /* ViewModel.swift */; };
		0A5648E42C14D342008FB5F6 /* ModelInfoView.swift in Sources */ = {isa = PBXBuildFile; fileRef = 0A5648E32C14D342008FB5F6 /* ModelInfoView.swift */; };
		0A5648E62C14D846008FB5F6 /* ModelListView.swift in Sources */ = {isa = PBXBuildFile; fileRef = 0A5648E52C14D846008FB5F6 /* ModelListView.swift */; };
		0A5648E82C14E00E008FB5F6 /* ChatView.swift in Sources */ = {isa = PBXBuildFile; fileRef = 0A5648E72C14E00E008FB5F6 /* ChatView.swift */; };
		0A5648EA2C1504CD008FB5F6 /* GenerateView.swift in Sources */ = {isa = PBXBuildFile; fileRef = 0A5648E92C1504CD008FB5F6 /* GenerateView.swift */; };
		0A5648EE2C150C66008FB5F6 /* OllamaKit in Frameworks */ = {isa = PBXBuildFile; productRef = 0A5648ED2C150C66008FB5F6 /* OllamaKit */; };
		0A7B752D2C55E79400624336 /* ChatWithToolsView.swift in Sources */ = {isa = PBXBuildFile; fileRef = 0A7B752C2C55E79400624336 /* ChatWithToolsView.swift */; };
		0AEA9B902CFCFD0100227D01 /* OllamaKit in Frameworks */ = {isa = PBXBuildFile; productRef = 0AEA9B8F2CFCFD0100227D01 /* OllamaKit */; };
/* End PBXBuildFile section */

/* Begin PBXFileReference section */
		04A2EC412D22A513009C9AED /* ChatWithFormatView.swift */ = {isa = PBXFileReference; lastKnownFileType = sourcecode.swift; path = ChatWithFormatView.swift; sourceTree = "<group>"; };
		0A5648C02C1468E0008FB5F6 /* OKPlayground.app */ = {isa = PBXFileReference; explicitFileType = wrapper.application; includeInIndex = 0; path = OKPlayground.app; sourceTree = BUILT_PRODUCTS_DIR; };
		0A5648C32C1468E0008FB5F6 /* OKPlaygroundApp.swift */ = {isa = PBXFileReference; lastKnownFileType = sourcecode.swift; path = OKPlaygroundApp.swift; sourceTree = "<group>"; };
		0A5648C72C1468E1008FB5F6 /* Assets.xcassets */ = {isa = PBXFileReference; lastKnownFileType = folder.assetcatalog; path = Assets.xcassets; sourceTree = "<group>"; };
		0A5648CA2C1468E1008FB5F6 /* Preview Assets.xcassets */ = {isa = PBXFileReference; lastKnownFileType = folder.assetcatalog; path = "Preview Assets.xcassets"; sourceTree = "<group>"; };
		0A5648D52C1469C3008FB5F6 /* CopyModelView.swift */ = {isa = PBXFileReference; lastKnownFileType = sourcecode.swift; path = CopyModelView.swift; sourceTree = "<group>"; };
		0A5648D72C146A8C008FB5F6 /* AppView.swift */ = {isa = PBXFileReference; lastKnownFileType = sourcecode.swift; path = AppView.swift; sourceTree = "<group>"; };
		0A5648DA2C14BF8A008FB5F6 /* DeleteModelView.swift */ = {isa = PBXFileReference; lastKnownFileType = sourcecode.swift; path = DeleteModelView.swift; sourceTree = "<group>"; };
		0A5648DE2C14C583008FB5F6 /* EmbeddingsView.swift */ = {isa = PBXFileReference; lastKnownFileType = sourcecode.swift; path = EmbeddingsView.swift; sourceTree = "<group>"; };
		0A5648E12C14C7E1008FB5F6 /* ViewModel.swift */ = {isa = PBXFileReference; lastKnownFileType = sourcecode.swift; path = ViewModel.swift; sourceTree = "<group>"; };
		0A5648E32C14D342008FB5F6 /* ModelInfoView.swift */ = {isa = PBXFileReference; lastKnownFileType = sourcecode.swift; path = ModelInfoView.swift; sourceTree = "<group>"; };
		0A5648E52C14D846008FB5F6 /* ModelListView.swift */ = {isa = PBXFileReference; lastKnownFileType = sourcecode.swift; path = ModelListView.swift; sourceTree = "<group>"; };
		0A5648E72C14E00E008FB5F6 /* ChatView.swift */ = {isa = PBXFileReference; lastKnownFileType = sourcecode.swift; path = ChatView.swift; sourceTree = "<group>"; };
		0A5648E92C1504CD008FB5F6 /* GenerateView.swift */ = {isa = PBXFileReference; lastKnownFileType = sourcecode.swift; path = GenerateView.swift; sourceTree = "<group>"; };
		0A5648EC2C150C3A008FB5F6 /* OllamaKit */ = {isa = PBXFileReference; lastKnownFileType = wrapper; name = OllamaKit; path = ..; sourceTree = "<group>"; };
		0A7B752C2C55E79400624336 /* ChatWithToolsView.swift */ = {isa = PBXFileReference; lastKnownFileType = sourcecode.swift; path = ChatWithToolsView.swift; sourceTree = "<group>"; };
/* End PBXFileReference section */

/* Begin PBXFrameworksBuildPhase section */
		0A5648BD2C1468E0008FB5F6 /* Frameworks */ = {
			isa = PBXFrameworksBuildPhase;
			buildActionMask = 2147483647;
			files = (
				0A5648EE2C150C66008FB5F6 /* OllamaKit in Frameworks */,
				0AEA9B902CFCFD0100227D01 /* OllamaKit in Frameworks */,
				04C1CC092D21E8B8005362B0 /* OllamaKit in Frameworks */,
			);
			runOnlyForDeploymentPostprocessing = 0;
		};
/* End PBXFrameworksBuildPhase section */

/* Begin PBXGroup section */
		0A5648B72C1468E0008FB5F6 = {
			isa = PBXGroup;
			children = (
				0A5648C22C1468E0008FB5F6 /* OKPlayground */,
				0A5648C12C1468E0008FB5F6 /* Products */,
				0A5648EB2C150C3A008FB5F6 /* Frameworks */,
			);
			sourceTree = "<group>";
		};
		0A5648C12C1468E0008FB5F6 /* Products */ = {
			isa = PBXGroup;
			children = (
				0A5648C02C1468E0008FB5F6 /* OKPlayground.app */,
			);
			name = Products;
			sourceTree = "<group>";
		};
		0A5648C22C1468E0008FB5F6 /* OKPlayground */ = {
			isa = PBXGroup;
			children = (
				0A5648C32C1468E0008FB5F6 /* OKPlaygroundApp.swift */,
				0A5648C92C1468E1008FB5F6 /* Preview Content */,
				0A5648D92C146AAD008FB5F6 /* Resources */,
				0A5648E02C14C7D6008FB5F6 /* ViewModels */,
				0A5648D42C1469A3008FB5F6 /* Views */,
			);
			path = OKPlayground;
			sourceTree = "<group>";
		};
		0A5648C92C1468E1008FB5F6 /* Preview Content */ = {
			isa = PBXGroup;
			children = (
				0A5648CA2C1468E1008FB5F6 /* Preview Assets.xcassets */,
			);
			path = "Preview Content";
			sourceTree = "<group>";
		};
		0A5648D42C1469A3008FB5F6 /* Views */ = {
			isa = PBXGroup;
			children = (
				0A5648D72C146A8C008FB5F6 /* AppView.swift */,
				0A5648D52C1469C3008FB5F6 /* CopyModelView.swift */,
				0A5648DA2C14BF8A008FB5F6 /* DeleteModelView.swift */,
				0A5648DE2C14C583008FB5F6 /* EmbeddingsView.swift */,
				0A5648E32C14D342008FB5F6 /* ModelInfoView.swift */,
				0A5648E52C14D846008FB5F6 /* ModelListView.swift */,
				0A5648E72C14E00E008FB5F6 /* ChatView.swift */,
				0A5648E92C1504CD008FB5F6 /* GenerateView.swift */,
				0A7B752C2C55E79400624336 /* ChatWithToolsView.swift */,
				04A2EC412D22A513009C9AED /* ChatWithFormatView.swift */,
			);
			path = Views;
			sourceTree = "<group>";
		};
		0A5648D92C146AAD008FB5F6 /* Resources */ = {
			isa = PBXGroup;
			children = (
				0A5648C72C1468E1008FB5F6 /* Assets.xcassets */,
			);
			path = Resources;
			sourceTree = "<group>";
		};
		0A5648E02C14C7D6008FB5F6 /* ViewModels */ = {
			isa = PBXGroup;
			children = (
				0A5648E12C14C7E1008FB5F6 /* ViewModel.swift */,
			);
			path = ViewModels;
			sourceTree = "<group>";
		};
		0A5648EB2C150C3A008FB5F6 /* Frameworks */ = {
			isa = PBXGroup;
			children = (
				0A5648EC2C150C3A008FB5F6 /* OllamaKit */,
			);
			name = Frameworks;
			sourceTree = "<group>";
		};
/* End PBXGroup section */

/* Begin PBXNativeTarget section */
		0A5648BF2C1468E0008FB5F6 /* OKPlayground */ = {
			isa = PBXNativeTarget;
			buildConfigurationList = 0A5648CE2C1468E1008FB5F6 /* Build configuration list for PBXNativeTarget "OKPlayground" */;
			buildPhases = (
				0A5648BC2C1468E0008FB5F6 /* Sources */,
				0A5648BD2C1468E0008FB5F6 /* Frameworks */,
				0A5648BE2C1468E0008FB5F6 /* Resources */,
			);
			buildRules = (
			);
			dependencies = (
			);
			name = OKPlayground;
			packageProductDependencies = (
				0A5648ED2C150C66008FB5F6 /* OllamaKit */,
				0AEA9B8F2CFCFD0100227D01 /* OllamaKit */,
				04C1CC082D21E8B8005362B0 /* OllamaKit */,
			);
			productName = OKPlayground;
			productReference = 0A5648C02C1468E0008FB5F6 /* OKPlayground.app */;
			productType = "com.apple.product-type.application";
		};
/* End PBXNativeTarget section */

/* Begin PBXProject section */
		0A5648B82C1468E0008FB5F6 /* Project object */ = {
			isa = PBXProject;
			attributes = {
				BuildIndependentTargetsInParallel = 1;
				LastSwiftUpdateCheck = 1540;
				LastUpgradeCheck = 1540;
				TargetAttributes = {
					0A5648BF2C1468E0008FB5F6 = {
						CreatedOnToolsVersion = 15.4;
					};
				};
			};
			buildConfigurationList = 0A5648BB2C1468E0008FB5F6 /* Build configuration list for PBXProject "OKPlayground" */;
			compatibilityVersion = "Xcode 14.0";
			developmentRegion = en;
			hasScannedForEncodings = 0;
			knownRegions = (
				en,
				Base,
			);
			mainGroup = 0A5648B72C1468E0008FB5F6;
			packageReferences = (
				04C1CC072D21E8B8005362B0 /* XCLocalSwiftPackageReference "../../OllamaKit" */,
			);
			productRefGroup = 0A5648C12C1468E0008FB5F6 /* Products */;
			projectDirPath = "";
			projectRoot = "";
			targets = (
				0A5648BF2C1468E0008FB5F6 /* OKPlayground */,
			);
		};
/* End PBXProject section */

/* Begin PBXResourcesBuildPhase section */
		0A5648BE2C1468E0008FB5F6 /* Resources */ = {
			isa = PBXResourcesBuildPhase;
			buildActionMask = 2147483647;
			files = (
				0A5648CB2C1468E1008FB5F6 /* Preview Assets.xcassets in Resources */,
				0A5648C82C1468E1008FB5F6 /* Assets.xcassets in Resources */,
			);
			runOnlyForDeploymentPostprocessing = 0;
		};
/* End PBXResourcesBuildPhase section */

/* Begin PBXSourcesBuildPhase section */
		0A5648BC2C1468E0008FB5F6 /* Sources */ = {
			isa = PBXSourcesBuildPhase;
			buildActionMask = 2147483647;
			files = (
				0A5648D82C146A8C008FB5F6 /* AppView.swift in Sources */,
				0A5648D62C1469C3008FB5F6 /* CopyModelView.swift in Sources */,
				0A5648E62C14D846008FB5F6 /* ModelListView.swift in Sources */,
				0A5648EA2C1504CD008FB5F6 /* GenerateView.swift in Sources */,
				0A5648C42C1468E0008FB5F6 /* OKPlaygroundApp.swift in Sources */,
				0A5648E82C14E00E008FB5F6 /* ChatView.swift in Sources */,
				0A7B752D2C55E79400624336 /* ChatWithToolsView.swift in Sources */,
				0A5648DB2C14BF8A008FB5F6 /* DeleteModelView.swift in Sources */,
				0A5648E42C14D342008FB5F6 /* ModelInfoView.swift in Sources */,
				0A5648E22C14C7E1008FB5F6 /* ViewModel.swift in Sources */,
				0A5648DF2C14C583008FB5F6 /* EmbeddingsView.swift in Sources */,
				04A2EC422D22A513009C9AED /* ChatWithFormatView.swift in Sources */,
			);
			runOnlyForDeploymentPostprocessing = 0;
		};
/* End PBXSourcesBuildPhase section */

/* Begin XCBuildConfiguration section */
		0A5648CC2C1468E1008FB5F6 /* Debug */ = {
			isa = XCBuildConfiguration;
			buildSettings = {
				ALWAYS_SEARCH_USER_PATHS = NO;
				ASSETCATALOG_COMPILER_GENERATE_SWIFT_ASSET_SYMBOL_EXTENSIONS = YES;
				CLANG_ANALYZER_NONNULL = YES;
				CLANG_ANALYZER_NUMBER_OBJECT_CONVERSION = YES_AGGRESSIVE;
				CLANG_CXX_LANGUAGE_STANDARD = "gnu++20";
				CLANG_ENABLE_MODULES = YES;
				CLANG_ENABLE_OBJC_ARC = YES;
				CLANG_ENABLE_OBJC_WEAK = YES;
				CLANG_WARN_BLOCK_CAPTURE_AUTORELEASING = YES;
				CLANG_WARN_BOOL_CONVERSION = YES;
				CLANG_WARN_COMMA = YES;
				CLANG_WARN_CONSTANT_CONVERSION = YES;
				CLANG_WARN_DEPRECATED_OBJC_IMPLEMENTATIONS = YES;
				CLANG_WARN_DIRECT_OBJC_ISA_USAGE = YES_ERROR;
				CLANG_WARN_DOCUMENTATION_COMMENTS = YES;
				CLANG_WARN_EMPTY_BODY = YES;
				CLANG_WARN_ENUM_CONVERSION = YES;
				CLANG_WARN_INFINITE_RECURSION = YES;
				CLANG_WARN_INT_CONVERSION = YES;
				CLANG_WARN_NON_LITERAL_NULL_CONVERSION = YES;
				CLANG_WARN_OBJC_IMPLICIT_RETAIN_SELF = YES;
				CLANG_WARN_OBJC_LITERAL_CONVERSION = YES;
				CLANG_WARN_OBJC_ROOT_CLASS = YES_ERROR;
				CLANG_WARN_QUOTED_INCLUDE_IN_FRAMEWORK_HEADER = YES;
				CLANG_WARN_RANGE_LOOP_ANALYSIS = YES;
				CLANG_WARN_STRICT_PROTOTYPES = YES;
				CLANG_WARN_SUSPICIOUS_MOVE = YES;
				CLANG_WARN_UNGUARDED_AVAILABILITY = YES_AGGRESSIVE;
				CLANG_WARN_UNREACHABLE_CODE = YES;
				CLANG_WARN__DUPLICATE_METHOD_MATCH = YES;
				COPY_PHASE_STRIP = NO;
				DEBUG_INFORMATION_FORMAT = dwarf;
				ENABLE_STRICT_OBJC_MSGSEND = YES;
				ENABLE_TESTABILITY = YES;
				ENABLE_USER_SCRIPT_SANDBOXING = YES;
				GCC_C_LANGUAGE_STANDARD = gnu17;
				GCC_DYNAMIC_NO_PIC = NO;
				GCC_NO_COMMON_BLOCKS = YES;
				GCC_OPTIMIZATION_LEVEL = 0;
				GCC_PREPROCESSOR_DEFINITIONS = (
					"DEBUG=1",
					"$(inherited)",
				);
				GCC_WARN_64_TO_32_BIT_CONVERSION = YES;
				GCC_WARN_ABOUT_RETURN_TYPE = YES_ERROR;
				GCC_WARN_UNDECLARED_SELECTOR = YES;
				GCC_WARN_UNINITIALIZED_AUTOS = YES_AGGRESSIVE;
				GCC_WARN_UNUSED_FUNCTION = YES;
				GCC_WARN_UNUSED_VARIABLE = YES;
				IPHONEOS_DEPLOYMENT_TARGET = 17.5;
				LOCALIZATION_PREFERS_STRING_CATALOGS = YES;
				MTL_ENABLE_DEBUG_INFO = INCLUDE_SOURCE;
				MTL_FAST_MATH = YES;
				ONLY_ACTIVE_ARCH = YES;
				SDKROOT = iphoneos;
				SWIFT_ACTIVE_COMPILATION_CONDITIONS = "DEBUG $(inherited)";
				SWIFT_OPTIMIZATION_LEVEL = "-Onone";
			};
			name = Debug;
		};
		0A5648CD2C1468E1008FB5F6 /* Release */ = {
			isa = XCBuildConfiguration;
			buildSettings = {
				ALWAYS_SEARCH_USER_PATHS = NO;
				ASSETCATALOG_COMPILER_GENERATE_SWIFT_ASSET_SYMBOL_EXTENSIONS = YES;
				CLANG_ANALYZER_NONNULL = YES;
				CLANG_ANALYZER_NUMBER_OBJECT_CONVERSION = YES_AGGRESSIVE;
				CLANG_CXX_LANGUAGE_STANDARD = "gnu++20";
				CLANG_ENABLE_MODULES = YES;
				CLANG_ENABLE_OBJC_ARC = YES;
				CLANG_ENABLE_OBJC_WEAK = YES;
				CLANG_WARN_BLOCK_CAPTURE_AUTORELEASING = YES;
				CLANG_WARN_BOOL_CONVERSION = YES;
				CLANG_WARN_COMMA = YES;
				CLANG_WARN_CONSTANT_CONVERSION = YES;
				CLANG_WARN_DEPRECATED_OBJC_IMPLEMENTATIONS = YES;
				CLANG_WARN_DIRECT_OBJC_ISA_USAGE = YES_ERROR;
				CLANG_WARN_DOCUMENTATION_COMMENTS = YES;
				CLANG_WARN_EMPTY_BODY = YES;
				CLANG_WARN_ENUM_CONVERSION = YES;
				CLANG_WARN_INFINITE_RECURSION = YES;
				CLANG_WARN_INT_CONVERSION = YES;
				CLANG_WARN_NON_LITERAL_NULL_CONVERSION = YES;
				CLANG_WARN_OBJC_IMPLICIT_RETAIN_SELF = YES;
				CLANG_WARN_OBJC_LITERAL_CONVERSION = YES;
				CLANG_WARN_OBJC_ROOT_CLASS = YES_ERROR;
				CLANG_WARN_QUOTED_INCLUDE_IN_FRAMEWORK_HEADER = YES;
				CLANG_WARN_RANGE_LOOP_ANALYSIS = YES;
				CLANG_WARN_STRICT_PROTOTYPES = YES;
				CLANG_WARN_SUSPICIOUS_MOVE = YES;
				CLANG_WARN_UNGUARDED_AVAILABILITY = YES_AGGRESSIVE;
				CLANG_WARN_UNREACHABLE_CODE = YES;
				CLANG_WARN__DUPLICATE_METHOD_MATCH = YES;
				COPY_PHASE_STRIP = NO;
				DEBUG_INFORMATION_FORMAT = "dwarf-with-dsym";
				ENABLE_NS_ASSERTIONS = NO;
				ENABLE_STRICT_OBJC_MSGSEND = YES;
				ENABLE_USER_SCRIPT_SANDBOXING = YES;
				GCC_C_LANGUAGE_STANDARD = gnu17;
				GCC_NO_COMMON_BLOCKS = YES;
				GCC_WARN_64_TO_32_BIT_CONVERSION = YES;
				GCC_WARN_ABOUT_RETURN_TYPE = YES_ERROR;
				GCC_WARN_UNDECLARED_SELECTOR = YES;
				GCC_WARN_UNINITIALIZED_AUTOS = YES_AGGRESSIVE;
				GCC_WARN_UNUSED_FUNCTION = YES;
				GCC_WARN_UNUSED_VARIABLE = YES;
				IPHONEOS_DEPLOYMENT_TARGET = 17.5;
				LOCALIZATION_PREFERS_STRING_CATALOGS = YES;
				MTL_ENABLE_DEBUG_INFO = NO;
				MTL_FAST_MATH = YES;
				SDKROOT = iphoneos;
				SWIFT_COMPILATION_MODE = wholemodule;
				VALIDATE_PRODUCT = YES;
			};
			name = Release;
		};
		0A5648CF2C1468E1008FB5F6 /* Debug */ = {
			isa = XCBuildConfiguration;
			buildSettings = {
				ASSETCATALOG_COMPILER_APPICON_NAME = AppIcon;
				ASSETCATALOG_COMPILER_GLOBAL_ACCENT_COLOR_NAME = AccentColor;
				CODE_SIGN_STYLE = Automatic;
				CURRENT_PROJECT_VERSION = 1;
				DEVELOPMENT_ASSET_PATHS = "\"OKPlayground/Preview Content\"";
				DEVELOPMENT_TEAM = 84ZM7K56B5;
				ENABLE_PREVIEWS = YES;
				GENERATE_INFOPLIST_FILE = YES;
				INFOPLIST_KEY_UIApplicationSceneManifest_Generation = YES;
				INFOPLIST_KEY_UIApplicationSupportsIndirectInputEvents = YES;
				INFOPLIST_KEY_UILaunchScreen_Generation = YES;
				INFOPLIST_KEY_UISupportedInterfaceOrientations_iPad = "UIInterfaceOrientationPortrait UIInterfaceOrientationPortraitUpsideDown UIInterfaceOrientationLandscapeLeft UIInterfaceOrientationLandscapeRight";
				INFOPLIST_KEY_UISupportedInterfaceOrientations_iPhone = "UIInterfaceOrientationPortrait UIInterfaceOrientationLandscapeLeft UIInterfaceOrientationLandscapeRight";
				IPHONEOS_DEPLOYMENT_TARGET = 17.5;
				LD_RUNPATH_SEARCH_PATHS = (
					"$(inherited)",
					"@executable_path/Frameworks",
				);
				MARKETING_VERSION = 1.0;
				PRODUCT_BUNDLE_IDENTIFIER = com.kevinhermawan.OKPlayground;
				PRODUCT_NAME = "$(TARGET_NAME)";
				SWIFT_EMIT_LOC_STRINGS = YES;
				SWIFT_VERSION = 6.0;
				TARGETED_DEVICE_FAMILY = "1,2";
			};
			name = Debug;
		};
		0A5648D02C1468E1008FB5F6 /* Release */ = {
			isa = XCBuildConfiguration;
			buildSettings = {
				ASSETCATALOG_COMPILER_APPICON_NAME = AppIcon;
				ASSETCATALOG_COMPILER_GLOBAL_ACCENT_COLOR_NAME = AccentColor;
				CODE_SIGN_STYLE = Automatic;
				CURRENT_PROJECT_VERSION = 1;
				DEVELOPMENT_ASSET_PATHS = "\"OKPlayground/Preview Content\"";
				DEVELOPMENT_TEAM = 84ZM7K56B5;
				ENABLE_PREVIEWS = YES;
				GENERATE_INFOPLIST_FILE = YES;
				INFOPLIST_KEY_UIApplicationSceneManifest_Generation = YES;
				INFOPLIST_KEY_UIApplicationSupportsIndirectInputEvents = YES;
				INFOPLIST_KEY_UILaunchScreen_Generation = YES;
				INFOPLIST_KEY_UISupportedInterfaceOrientations_iPad = "UIInterfaceOrientationPortrait UIInterfaceOrientationPortraitUpsideDown UIInterfaceOrientationLandscapeLeft UIInterfaceOrientationLandscapeRight";
				INFOPLIST_KEY_UISupportedInterfaceOrientations_iPhone = "UIInterfaceOrientationPortrait UIInterfaceOrientationLandscapeLeft UIInterfaceOrientationLandscapeRight";
				IPHONEOS_DEPLOYMENT_TARGET = 17.5;
				LD_RUNPATH_SEARCH_PATHS = (
					"$(inherited)",
					"@executable_path/Frameworks",
				);
				MARKETING_VERSION = 1.0;
				PRODUCT_BUNDLE_IDENTIFIER = com.kevinhermawan.OKPlayground;
				PRODUCT_NAME = "$(TARGET_NAME)";
				SWIFT_EMIT_LOC_STRINGS = YES;
				SWIFT_VERSION = 6.0;
				TARGETED_DEVICE_FAMILY = "1,2";
			};
			name = Release;
		};
/* End XCBuildConfiguration section */

/* Begin XCConfigurationList section */
		0A5648BB2C1468E0008FB5F6 /* Build configuration list for PBXProject "OKPlayground" */ = {
			isa = XCConfigurationList;
			buildConfigurations = (
				0A5648CC2C1468E1008FB5F6 /* Debug */,
				0A5648CD2C1468E1008FB5F6 /* Release */,
			);
			defaultConfigurationIsVisible = 0;
			defaultConfigurationName = Release;
		};
		0A5648CE2C1468E1008FB5F6 /* Build configuration list for PBXNativeTarget "OKPlayground" */ = {
			isa = XCConfigurationList;
			buildConfigurations = (
				0A5648CF2C1468E1008FB5F6 /* Debug */,
				0A5648D02C1468E1008FB5F6 /* Release */,
			);
			defaultConfigurationIsVisible = 0;
			defaultConfigurationName = Release;
		};
/* End XCConfigurationList section */

/* Begin XCLocalSwiftPackageReference section */
		04C1CC072D21E8B8005362B0 /* XCLocalSwiftPackageReference "../../OllamaKit" */ = {
			isa = XCLocalSwiftPackageReference;
			relativePath = ../../OllamaKit;
		};
/* End XCLocalSwiftPackageReference section */

/* Begin XCSwiftPackageProductDependency section */
		04C1CC082D21E8B8005362B0 /* OllamaKit */ = {
			isa = XCSwiftPackageProductDependency;
			productName = OllamaKit;
		};
		0A5648ED2C150C66008FB5F6 /* OllamaKit */ = {
			isa = XCSwiftPackageProductDependency;
			productName = OllamaKit;
		};
		0AEA9B8F2CFCFD0100227D01 /* OllamaKit */ = {
			isa = XCSwiftPackageProductDependency;
			productName = OllamaKit;
		};
/* End XCSwiftPackageProductDependency section */
	};
	rootObject = 0A5648B82C1468E0008FB5F6 /* Project object */;
}
